
Microsoft Visual Studio Solution File, Format Version 12.00
# Visual Studio 14
VisualStudioVersion = 14.0.22823.1
MinimumVisualStudioVersion = 10.0.40219.1
Project("{8BC9CEB8-8B4A-11D0-8D11-00A0C91BC942}") = "Gladell", "Gladell.vcxproj", "{428452AC-A577-436E-9E32-2460653AD0E6}"
EndProject
Project("{8BC9CEB8-8B4A-11D0-8D11-00A0C91BC942}") = "Furrovine++.Heart", "vendor\Furrovine++.Heart\Furrovine++.Heart.vcxproj", "{D4D6B539-DC7E-444A-9381-1EF652FE5C38}"
EndProject
Project("{8BC9CEB8-8B4A-11D0-8D11-00A0C91BC942}") = "Furrovine++.Unicode", "vendor\Furrovine++.Unicode\Furrovine++.Unicode.vcxproj", "{2C419993-3F86-49C6-8E69-7E7A05514AB7}"
EndProject
Global
	GlobalSection(SolutionConfigurationPlatforms) = preSolution
		Debug|x64 = Debug|x64
		Debug|x86 = Debug|x86
		Release|x64 = Release|x64
		Release|x86 = Release|x86
	EndGlobalSection
	GlobalSection(ProjectConfigurationPlatforms) = postSolution
		{428452AC-A577-436E-9E32-2460653AD0E6}.Debug|x64.ActiveCfg = Release|x64
		{428452AC-A577-436E-9E32-2460653AD0E6}.Debug|x64.Build.0 = Release|x64
		{428452AC-A577-436E-9E32-2460653AD0E6}.Debug|x86.ActiveCfg = Debug|Win32
		{428452AC-A577-436E-9E32-2460653AD0E6}.Debug|x86.Build.0 = Debug|Win32
		{428452AC-A577-436E-9E32-2460653AD0E6}.Release|x64.ActiveCfg = Release|x64
		{428452AC-A577-436E-9E32-2460653AD0E6}.Release|x64.Build.0 = Release|x64
		{428452AC-A577-436E-9E32-2460653AD0E6}.Release|x86.ActiveCfg = Release|Win32
		{428452AC-A577-436E-9E32-2460653AD0E6}.Release|x86.Build.0 = Release|Win32
		{D4D6B539-DC7E-444A-9381-1EF652FE5C38}.Debug|x64.ActiveCfg = Release|x64
		{D4D6B539-DC7E-444A-9381-1EF652FE5C38}.Debug|x64.Build.0 = Release|x64
		{D4D6B539-DC7E-444A-9381-1EF652FE5C38}.Debug|x86.ActiveCfg = Debug|Win32
		{D4D6B539-DC7E-444A-9381-1EF652FE5C38}.Debug|x86.Build.0 = Debug|Win32
		{D4D6B539-DC7E-444A-9381-1EF652FE5C38}.Release|x64.ActiveCfg = Release|x64
		{D4D6B539-DC7E-444A-9381-1EF652FE5C38}.Release|x64.Build.0 = Release|x64
		{D4D6B539-DC7E-444A-9381-1EF652FE5C38}.Release|x86.ActiveCfg = Release|Win32
		{D4D6B539-DC7E-444A-9381-1EF652FE5C38}.Release|x86.Build.0 = Release|Win32
		{2C419993-3F86-49C6-8E69-7E7A05514AB7}.Debug|x64.ActiveCfg = Release|x64
		{2C419993-3F86-49C6-8E69-7E7A05514AB7}.Debug|x64.Build.0 = Release|x64
		{2C419993-3F86-49C6-8E69-7E7A05514AB7}.Debug|x86.ActiveCfg = Debug|Win32
		{2C419993-3F86-49C6-8E69-7E7A05514AB7}.Debug|x86.Build.0 = Debug|Win32
		{2C419993-3F86-49C6-8E69-7E7A05514AB7}.Release|x64.ActiveCfg = Release|x64
		{2C419993-3F86-49C6-8E69-7E7A05514AB7}.Release|x64.Build.0 = Release|x64
		{2C419993-3F86-49C6-8E69-7E7A05514AB7}.Release|x86.ActiveCfg = Release|Win32
		{2C419993-3F86-49C6-8E69-7E7A05514AB7}.Release|x86.Build.0 = Release|Win32
	EndGlobalSection
	GlobalSection(SolutionProperties) = preSolution
		HideSolutionNode = FALSE
	EndGlobalSection
EndGlobal
