
Microsoft Visual Studio Solution File, Format Version 12.00
# Visual Studio 14
VisualStudioVersion = 14.0.22823.1
MinimumVisualStudioVersion = 10.0.40219.1
Project("{8BC9CEB8-8B4A-11D0-8D11-00A0C91BC942}") = "Gladell", "Gladell.vcxproj", "{428452AC-A577-436E-9E32-2460653AD0E6}"
EndProject
Project("{8BC9CEB8-8B4A-11D0-8D11-00A0C91BC942}") = "Furrovine++.Heart", "vendor\Furrovine++.Heart\Furrovine++.Heart.vcxproj", "{D4D6B539-DC7E-444A-9381-1EF652FE5C38}"
EndProject
Project("{8BC9CEB8-8B4A-11D0-8D11-00A0C91BC942}") = "Furrovine++.Unicode", "vendor\Furrovine++.Unicode\Furrovine++.Unicode.vcxproj", "{2C419993-3F86-49C6-8E69-7E7A05514AB7}"
EndProject
Global
	GlobalSection(SolutionConfigurationPlatforms) = preSolution
		Debug Library|x64 = Debug Library|x64
		Debug Library|x86 = Debug Library|x86
		Debug Multithreaded|x64 = Debug Multithreaded|x64
		Debug Multithreaded|x86 = Debug Multithreaded|x86
		Debug Singlethreaded|x64 = Debug Singlethreaded|x64
		Debug Singlethreaded|x86 = Debug Singlethreaded|x86
		Debug|x64 = Debug|x64
		Debug|x86 = Debug|x86
		MinSizeRel|x64 = MinSizeRel|x64
		MinSizeRel|x86 = MinSizeRel|x86
		Release Library|x64 = Release Library|x64
		Release Library|x86 = Release Library|x86
		Release Multithreaded|x64 = Release Multithreaded|x64
		Release Multithreaded|x86 = Release Multithreaded|x86
		Release Singlethreaded|x64 = Release Singlethreaded|x64
		Release Singlethreaded|x86 = Release Singlethreaded|x86
		Release|x64 = Release|x64
		Release|x86 = Release|x86
		RelWithDebInfo|x64 = RelWithDebInfo|x64
		RelWithDebInfo|x86 = RelWithDebInfo|x86
	EndGlobalSection
	GlobalSection(ProjectConfigurationPlatforms) = postSolution
		{428452AC-A577-436E-9E32-2460653AD0E6}.Debug Library|x64.ActiveCfg = Release|Win32
		{428452AC-A577-436E-9E32-2460653AD0E6}.Debug Library|x64.Build.0 = Release|Win32
		{428452AC-A577-436E-9E32-2460653AD0E6}.Debug Library|x86.ActiveCfg = Debug|Win32
		{428452AC-A577-436E-9E32-2460653AD0E6}.Debug Library|x86.Build.0 = Debug|Win32
		{428452AC-A577-436E-9E32-2460653AD0E6}.Debug Multithreaded|x64.ActiveCfg = Release|Win32
		{428452AC-A577-436E-9E32-2460653AD0E6}.Debug Multithreaded|x64.Build.0 = Release|Win32
		{428452AC-A577-436E-9E32-2460653AD0E6}.Debug Multithreaded|x86.ActiveCfg = Debug|Win32
		{428452AC-A577-436E-9E32-2460653AD0E6}.Debug Multithreaded|x86.Build.0 = Debug|Win32
		{428452AC-A577-436E-9E32-2460653AD0E6}.Debug Singlethreaded|x64.ActiveCfg = Release|Win32
		{428452AC-A577-436E-9E32-2460653AD0E6}.Debug Singlethreaded|x64.Build.0 = Release|Win32
		{428452AC-A577-436E-9E32-2460653AD0E6}.Debug Singlethreaded|x86.ActiveCfg = Debug|Win32
		{428452AC-A577-436E-9E32-2460653AD0E6}.Debug Singlethreaded|x86.Build.0 = Debug|Win32
		{428452AC-A577-436E-9E32-2460653AD0E6}.Debug|x64.ActiveCfg = Debug|x64
		{428452AC-A577-436E-9E32-2460653AD0E6}.Debug|x64.Build.0 = Debug|x64
		{428452AC-A577-436E-9E32-2460653AD0E6}.Debug|x86.ActiveCfg = Debug|Win32
		{428452AC-A577-436E-9E32-2460653AD0E6}.Debug|x86.Build.0 = Debug|Win32
		{428452AC-A577-436E-9E32-2460653AD0E6}.MinSizeRel|x64.ActiveCfg = Release|Win32
		{428452AC-A577-436E-9E32-2460653AD0E6}.MinSizeRel|x64.Build.0 = Release|Win32
		{428452AC-A577-436E-9E32-2460653AD0E6}.MinSizeRel|x86.ActiveCfg = Release|Win32
		{428452AC-A577-436E-9E32-2460653AD0E6}.MinSizeRel|x86.Build.0 = Release|Win32
		{428452AC-A577-436E-9E32-2460653AD0E6}.Release Library|x64.ActiveCfg = Release|Win32
		{428452AC-A577-436E-9E32-2460653AD0E6}.Release Library|x64.Build.0 = Release|Win32
		{428452AC-A577-436E-9E32-2460653AD0E6}.Release Library|x86.ActiveCfg = Release|Win32
		{428452AC-A577-436E-9E32-2460653AD0E6}.Release Library|x86.Build.0 = Release|Win32
		{428452AC-A577-436E-9E32-2460653AD0E6}.Release Multithreaded|x64.ActiveCfg = Release|Win32
		{428452AC-A577-436E-9E32-2460653AD0E6}.Release Multithreaded|x64.Build.0 = Release|Win32
		{428452AC-A577-436E-9E32-2460653AD0E6}.Release Multithreaded|x86.ActiveCfg = Release|Win32
		{428452AC-A577-436E-9E32-2460653AD0E6}.Release Multithreaded|x86.Build.0 = Release|Win32
		{428452AC-A577-436E-9E32-2460653AD0E6}.Release Singlethreaded|x64.ActiveCfg = Release|Win32
		{428452AC-A577-436E-9E32-2460653AD0E6}.Release Singlethreaded|x64.Build.0 = Release|Win32
		{428452AC-A577-436E-9E32-2460653AD0E6}.Release Singlethreaded|x86.ActiveCfg = Release|Win32
		{428452AC-A577-436E-9E32-2460653AD0E6}.Release Singlethreaded|x86.Build.0 = Release|Win32
		{428452AC-A577-436E-9E32-2460653AD0E6}.Release|x64.ActiveCfg = Release|Win32
		{428452AC-A577-436E-9E32-2460653AD0E6}.Release|x86.ActiveCfg = Release|Win32
		{428452AC-A577-436E-9E32-2460653AD0E6}.Release|x86.Build.0 = Release|Win32
		{428452AC-A577-436E-9E32-2460653AD0E6}.RelWithDebInfo|x64.ActiveCfg = Release|Win32
		{428452AC-A577-436E-9E32-2460653AD0E6}.RelWithDebInfo|x64.Build.0 = Release|Win32
		{428452AC-A577-436E-9E32-2460653AD0E6}.RelWithDebInfo|x86.ActiveCfg = Release|Win32
		{428452AC-A577-436E-9E32-2460653AD0E6}.RelWithDebInfo|x86.Build.0 = Release|Win32
		{D4D6B539-DC7E-444A-9381-1EF652FE5C38}.Debug Library|x64.ActiveCfg = Release|Win32
		{D4D6B539-DC7E-444A-9381-1EF652FE5C38}.Debug Library|x64.Build.0 = Release|Win32
		{D4D6B539-DC7E-444A-9381-1EF652FE5C38}.Debug Library|x86.ActiveCfg = Debug|Win32
		{D4D6B539-DC7E-444A-9381-1EF652FE5C38}.Debug Library|x86.Build.0 = Debug|Win32
		{D4D6B539-DC7E-444A-9381-1EF652FE5C38}.Debug Multithreaded|x64.ActiveCfg = Release|Win32
		{D4D6B539-DC7E-444A-9381-1EF652FE5C38}.Debug Multithreaded|x64.Build.0 = Release|Win32
		{D4D6B539-DC7E-444A-9381-1EF652FE5C38}.Debug Multithreaded|x86.ActiveCfg = Debug|Win32
		{D4D6B539-DC7E-444A-9381-1EF652FE5C38}.Debug Multithreaded|x86.Build.0 = Debug|Win32
		{D4D6B539-DC7E-444A-9381-1EF652FE5C38}.Debug Singlethreaded|x64.ActiveCfg = Release|Win32
		{D4D6B539-DC7E-444A-9381-1EF652FE5C38}.Debug Singlethreaded|x64.Build.0 = Release|Win32
		{D4D6B539-DC7E-444A-9381-1EF652FE5C38}.Debug Singlethreaded|x86.ActiveCfg = Debug|Win32
		{D4D6B539-DC7E-444A-9381-1EF652FE5C38}.Debug Singlethreaded|x86.Build.0 = Debug|Win32
		{D4D6B539-DC7E-444A-9381-1EF652FE5C38}.Debug|x64.ActiveCfg = Debug|x64
		{D4D6B539-DC7E-444A-9381-1EF652FE5C38}.Debug|x64.Build.0 = Debug|x64
		{D4D6B539-DC7E-444A-9381-1EF652FE5C38}.Debug|x86.ActiveCfg = Debug|Win32
		{D4D6B539-DC7E-444A-9381-1EF652FE5C38}.Debug|x86.Build.0 = Debug|Win32
		{D4D6B539-DC7E-444A-9381-1EF652FE5C38}.MinSizeRel|x64.ActiveCfg = Release|Win32
		{D4D6B539-DC7E-444A-9381-1EF652FE5C38}.MinSizeRel|x64.Build.0 = Release|Win32
		{D4D6B539-DC7E-444A-9381-1EF652FE5C38}.MinSizeRel|x86.ActiveCfg = Release|Win32
		{D4D6B539-DC7E-444A-9381-1EF652FE5C38}.MinSizeRel|x86.Build.0 = Release|Win32
		{D4D6B539-DC7E-444A-9381-1EF652FE5C38}.Release Library|x64.ActiveCfg = Release|Win32
		{D4D6B539-DC7E-444A-9381-1EF652FE5C38}.Release Library|x64.Build.0 = Release|Win32
		{D4D6B539-DC7E-444A-9381-1EF652FE5C38}.Release Library|x86.ActiveCfg = Release|Win32
		{D4D6B539-DC7E-444A-9381-1EF652FE5C38}.Release Library|x86.Build.0 = Release|Win32
		{D4D6B539-DC7E-444A-9381-1EF652FE5C38}.Release Multithreaded|x64.ActiveCfg = Release|Win32
		{D4D6B539-DC7E-444A-9381-1EF652FE5C38}.Release Multithreaded|x64.Build.0 = Release|Win32
		{D4D6B539-DC7E-444A-9381-1EF652FE5C38}.Release Multithreaded|x86.ActiveCfg = Release|Win32
		{D4D6B539-DC7E-444A-9381-1EF652FE5C38}.Release Multithreaded|x86.Build.0 = Release|Win32
		{D4D6B539-DC7E-444A-9381-1EF652FE5C38}.Release Singlethreaded|x64.ActiveCfg = Release|Win32
		{D4D6B539-DC7E-444A-9381-1EF652FE5C38}.Release Singlethreaded|x64.Build.0 = Release|Win32
		{D4D6B539-DC7E-444A-9381-1EF652FE5C38}.Release Singlethreaded|x86.ActiveCfg = Release|Win32
		{D4D6B539-DC7E-444A-9381-1EF652FE5C38}.Release Singlethreaded|x86.Build.0 = Release|Win32
		{D4D6B539-DC7E-444A-9381-1EF652FE5C38}.Release|x64.ActiveCfg = Release|Win32
		{D4D6B539-DC7E-444A-9381-1EF652FE5C38}.Release|x86.ActiveCfg = Release|Win32
		{D4D6B539-DC7E-444A-9381-1EF652FE5C38}.Release|x86.Build.0 = Release|Win32
		{D4D6B539-DC7E-444A-9381-1EF652FE5C38}.RelWithDebInfo|x64.ActiveCfg = Release|Win32
		{D4D6B539-DC7E-444A-9381-1EF652FE5C38}.RelWithDebInfo|x64.Build.0 = Release|Win32
		{D4D6B539-DC7E-444A-9381-1EF652FE5C38}.RelWithDebInfo|x86.ActiveCfg = Release|Win32
		{D4D6B539-DC7E-444A-9381-1EF652FE5C38}.RelWithDebInfo|x86.Build.0 = Release|Win32
		{2C419993-3F86-49C6-8E69-7E7A05514AB7}.Debug Library|x64.ActiveCfg = Debug|x64
		{2C419993-3F86-49C6-8E69-7E7A05514AB7}.Debug Library|x64.Build.0 = Debug|x64
		{2C419993-3F86-49C6-8E69-7E7A05514AB7}.Debug Library|x86.ActiveCfg = Debug|Win32
		{2C419993-3F86-49C6-8E69-7E7A05514AB7}.Debug Library|x86.Build.0 = Debug|Win32
		{2C419993-3F86-49C6-8E69-7E7A05514AB7}.Debug Multithreaded|x64.ActiveCfg = Debug|x64
		{2C419993-3F86-49C6-8E69-7E7A05514AB7}.Debug Multithreaded|x64.Build.0 = Debug|x64
		{2C419993-3F86-49C6-8E69-7E7A05514AB7}.Debug Multithreaded|x86.ActiveCfg = Debug|Win32
		{2C419993-3F86-49C6-8E69-7E7A05514AB7}.Debug Multithreaded|x86.Build.0 = Debug|Win32
		{2C419993-3F86-49C6-8E69-7E7A05514AB7}.Debug Singlethreaded|x64.ActiveCfg = Debug|x64
		{2C419993-3F86-49C6-8E69-7E7A05514AB7}.Debug Singlethreaded|x64.Build.0 = Debug|x64
		{2C419993-3F86-49C6-8E69-7E7A05514AB7}.Debug Singlethreaded|x86.ActiveCfg = Debug|Win32
		{2C419993-3F86-49C6-8E69-7E7A05514AB7}.Debug Singlethreaded|x86.Build.0 = Debug|Win32
		{2C419993-3F86-49C6-8E69-7E7A05514AB7}.Debug|x64.ActiveCfg = Debug|x64
		{2C419993-3F86-49C6-8E69-7E7A05514AB7}.Debug|x64.Build.0 = Debug|x64
		{2C419993-3F86-49C6-8E69-7E7A05514AB7}.Debug|x86.ActiveCfg = Debug|Win32
		{2C419993-3F86-49C6-8E69-7E7A05514AB7}.Debug|x86.Build.0 = Debug|Win32
		{2C419993-3F86-49C6-8E69-7E7A05514AB7}.MinSizeRel|x64.ActiveCfg = Release|x64
		{2C419993-3F86-49C6-8E69-7E7A05514AB7}.MinSizeRel|x64.Build.0 = Release|x64
		{2C419993-3F86-49C6-8E69-7E7A05514AB7}.MinSizeRel|x86.ActiveCfg = Release|Win32
		{2C419993-3F86-49C6-8E69-7E7A05514AB7}.MinSizeRel|x86.Build.0 = Release|Win32
		{2C419993-3F86-49C6-8E69-7E7A05514AB7}.Release Library|x64.ActiveCfg = Release|x64
		{2C419993-3F86-49C6-8E69-7E7A05514AB7}.Release Library|x64.Build.0 = Release|x64
		{2C419993-3F86-49C6-8E69-7E7A05514AB7}.Release Library|x86.ActiveCfg = Release|Win32
		{2C419993-3F86-49C6-8E69-7E7A05514AB7}.Release Library|x86.Build.0 = Release|Win32
		{2C419993-3F86-49C6-8E69-7E7A05514AB7}.Release Multithreaded|x64.ActiveCfg = Release|x64
		{2C419993-3F86-49C6-8E69-7E7A05514AB7}.Release Multithreaded|x64.Build.0 = Release|x64
		{2C419993-3F86-49C6-8E69-7E7A05514AB7}.Release Multithreaded|x86.ActiveCfg = Release|Win32
		{2C419993-3F86-49C6-8E69-7E7A05514AB7}.Release Multithreaded|x86.Build.0 = Release|Win32
		{2C419993-3F86-49C6-8E69-7E7A05514AB7}.Release Singlethreaded|x64.ActiveCfg = Release|x64
		{2C419993-3F86-49C6-8E69-7E7A05514AB7}.Release Singlethreaded|x64.Build.0 = Release|x64
		{2C419993-3F86-49C6-8E69-7E7A05514AB7}.Release Singlethreaded|x86.ActiveCfg = Release|Win32
		{2C419993-3F86-49C6-8E69-7E7A05514AB7}.Release Singlethreaded|x86.Build.0 = Release|Win32
		{2C419993-3F86-49C6-8E69-7E7A05514AB7}.Release|x64.ActiveCfg = Release|x64
		{2C419993-3F86-49C6-8E69-7E7A05514AB7}.Release|x64.Build.0 = Release|x64
		{2C419993-3F86-49C6-8E69-7E7A05514AB7}.Release|x86.ActiveCfg = Release|Win32
		{2C419993-3F86-49C6-8E69-7E7A05514AB7}.Release|x86.Build.0 = Release|Win32
		{2C419993-3F86-49C6-8E69-7E7A05514AB7}.RelWithDebInfo|x64.ActiveCfg = Release|x64
		{2C419993-3F86-49C6-8E69-7E7A05514AB7}.RelWithDebInfo|x64.Build.0 = Release|x64
		{2C419993-3F86-49C6-8E69-7E7A05514AB7}.RelWithDebInfo|x86.ActiveCfg = Release|Win32
		{2C419993-3F86-49C6-8E69-7E7A05514AB7}.RelWithDebInfo|x86.Build.0 = Release|Win32
	EndGlobalSection
	GlobalSection(SolutionProperties) = preSolution
		HideSolutionNode = FALSE
	EndGlobalSection
EndGlobal
